
Microsoft Visual Studio Solution File, Format Version 12.00
# Visual Studio Version 17
VisualStudioVersion = 17.0.31612.314
MinimumVisualStudioVersion = 10.0.40219.1
Project("{FAE04EC0-301F-11D3-BF4B-00C04F79EFBC}") = "HILS-Test-Results", "HILS-Test-Results.csproj", "{4EEB3DB1-66D1-408D-80C1-089A375AC636}"
EndProject
Global
	GlobalSection(SolutionConfigurationPlatforms) = preSolution
		Debug|Any CPU = Debug|Any CPU
		Release|Any CPU = Release|Any CPU
	EndGlobalSection
	GlobalSection(ProjectConfigurationPlatforms) = postSolution
		{4EEB3DB1-66D1-408D-80C1-089A375AC636}.Debug|Any CPU.ActiveCfg = Debug|Any CPU
		{4EEB3DB1-66D1-408D-80C1-089A375AC636}.Debug|Any CPU.Build.0 = Debug|Any CPU
		{4EEB3DB1-66D1-408D-80C1-089A375AC636}.Release|Any CPU.ActiveCfg = Release|Any CPU
		{4EEB3DB1-66D1-408D-80C1-089A375AC636}.Release|Any CPU.Build.0 = Release|Any CPU
	EndGlobalSection
	GlobalSection(SolutionProperties) = preSolution
		HideSolutionNode = FALSE
	EndGlobalSection
	GlobalSection(ExtensibilityGlobals) = postSolution
		SolutionGuid = {E88BA5A0-8891-4C2B-A420-3A356A628361}
	EndGlobalSection
EndGlobal
